
Microsoft Visual Studio Solution File, Format Version 12.00
# Visual Studio Version 16
VisualStudioVersion = 16.0.29509.3
MinimumVisualStudioVersion = 10.0.40219.1
Project("{FAE04EC0-301F-11D3-BF4B-00C04F79EFBC}") = "inv", "inv\inv.csproj", "{02036ECB-845A-4BDC-9F92-D2AE535B0FC5}"
EndProject
Global
	GlobalSection(SolutionConfigurationPlatforms) = preSolution
		Debug|Any CPU = Debug|Any CPU
		Release|Any CPU = Release|Any CPU
	EndGlobalSection
	GlobalSection(ProjectConfigurationPlatforms) = postSolution
		{02036ECB-845A-4BDC-9F92-D2AE535B0FC5}.Debug|Any CPU.ActiveCfg = Debug|Any CPU
		{02036ECB-845A-4BDC-9F92-D2AE535B0FC5}.Debug|Any CPU.Build.0 = Debug|Any CPU
		{02036ECB-845A-4BDC-9F92-D2AE535B0FC5}.Release|Any CPU.ActiveCfg = Release|Any CPU
		{02036ECB-845A-4BDC-9F92-D2AE535B0FC5}.Release|Any CPU.Build.0 = Release|Any CPU
	EndGlobalSection
	GlobalSection(SolutionProperties) = preSolution
		HideSolutionNode = FALSE
	EndGlobalSection
	GlobalSection(ExtensibilityGlobals) = postSolution
		SolutionGuid = {4AA5C407-1830-4AB2-AF7D-26E69734E75E}
	EndGlobalSection
EndGlobal
